// !$*UTF8*$!
{
	archiveVersion = 1;
	classes = {
	};
	objectVersion = 46;
	objects = {

/* Begin PBXBuildFile section */
		5B28D97C1D07665C0016E982 /* Submarine.swift in Sources */ = {isa = PBXBuildFile; fileRef = 5B28D97B1D07665C0016E982 /* Submarine.swift */; };
		5B28D97D1D0771850016E982 /* Submarine.swift in Sources */ = {isa = PBXBuildFile; fileRef = 5B28D97B1D07665C0016E982 /* Submarine.swift */; };
		5B28D97F1D077C8F0016E982 /* Fish.swift in Sources */ = {isa = PBXBuildFile; fileRef = 5B28D97E1D077C8F0016E982 /* Fish.swift */; };
		5B28D9801D077D9E0016E982 /* Fish.swift in Sources */ = {isa = PBXBuildFile; fileRef = 5B28D97E1D077C8F0016E982 /* Fish.swift */; };
		5B28D9821D077E180016E982 /* GiantSalmon.swift in Sources */ = {isa = PBXBuildFile; fileRef = 5B28D9811D077E180016E982 /* GiantSalmon.swift */; };
		5B28D9841D077E970016E982 /* GiantTuna.swift in Sources */ = {isa = PBXBuildFile; fileRef = 5B28D9831D077E970016E982 /* GiantTuna.swift */; };
		5B28D9851D077EB90016E982 /* GiantSalmon.swift in Sources */ = {isa = PBXBuildFile; fileRef = 5B28D9811D077E180016E982 /* GiantSalmon.swift */; };
		5B28D9861D077EC10016E982 /* GiantTuna.swift in Sources */ = {isa = PBXBuildFile; fileRef = 5B28D9831D077E970016E982 /* GiantTuna.swift */; };
		AF8AC93D1A7803E400934412 /* AppDelegate.swift in Sources */ = {isa = PBXBuildFile; fileRef = AF8AC93C1A7803E400934412 /* AppDelegate.swift */; };
		AF8AC93F1A7803E400934412 /* ViewController.swift in Sources */ = {isa = PBXBuildFile; fileRef = AF8AC93E1A7803E400934412 /* ViewController.swift */; };
		AF8AC9421A7803E400934412 /* Main.storyboard in Resources */ = {isa = PBXBuildFile; fileRef = AF8AC9401A7803E400934412 /* Main.storyboard */; };
		AF8AC9441A7803E400934412 /* Images.xcassets in Resources */ = {isa = PBXBuildFile; fileRef = AF8AC9431A7803E400934412 /* Images.xcassets */; };
		AF8AC9471A7803E400934412 /* LaunchScreen.xib in Resources */ = {isa = PBXBuildFile; fileRef = AF8AC9451A7803E400934412 /* LaunchScreen.xib */; };
		AF8AC9531A7803E400934412 /* Ocean_SwiftTests.swift in Sources */ = {isa = PBXBuildFile; fileRef = AF8AC9521A7803E400934412 /* Ocean_SwiftTests.swift */; };
		AF8AC95D1A78040400934412 /* Ocean.swift in Sources */ = {isa = PBXBuildFile; fileRef = AF8AC95C1A78040400934412 /* Ocean.swift */; };
		AF8AC9601A78210D00934412 /* Ocean.swift in Sources */ = {isa = PBXBuildFile; fileRef = AF8AC95C1A78040400934412 /* Ocean.swift */; };
		AF8AC9651A7845EA00934412 /* Ocean_SwiftTests_02.swift in Sources */ = {isa = PBXBuildFile; fileRef = AF8AC9641A7845EA00934412 /* Ocean_SwiftTests_02.swift */; };
		AF8AC96C1A784A4300934412 /* Ocean_SwiftTests_03.swift in Sources */ = {isa = PBXBuildFile; fileRef = AF8AC96B1A784A4300934412 /* Ocean_SwiftTests_03.swift */; };
		AF8AC96E1A784A5100934412 /* Ocean_SwiftTests_04.swift in Sources */ = {isa = PBXBuildFile; fileRef = AF8AC96D1A784A5100934412 /* Ocean_SwiftTests_04.swift */; };
		AF8AC9701A784A6100934412 /* Ocean_SwiftTests_05.swift in Sources */ = {isa = PBXBuildFile; fileRef = AF8AC96F1A784A6100934412 /* Ocean_SwiftTests_05.swift */; };
		AF8AC9721A784A6D00934412 /* Ocean_SwiftTests_06.swift in Sources */ = {isa = PBXBuildFile; fileRef = AF8AC9711A784A6D00934412 /* Ocean_SwiftTests_06.swift */; };
		AF8AC9871A79ED1A00934412 /* README.md in Sources */ = {isa = PBXBuildFile; fileRef = AF8AC9861A79ED1A00934412 /* README.md */; };
/* End PBXBuildFile section */

/* Begin PBXContainerItemProxy section */
		AF8AC94D1A7803E400934412 /* PBXContainerItemProxy */ = {
			isa = PBXContainerItemProxy;
			containerPortal = AF8AC92F1A7803E400934412 /* Project object */;
			proxyType = 1;
			remoteGlobalIDString = AF8AC9361A7803E400934412;
			remoteInfo = "Ocean-Swift";
		};
/* End PBXContainerItemProxy section */

/* Begin PBXFileReference section */
		5B28D97B1D07665C0016E982 /* Submarine.swift */ = {isa = PBXFileReference; fileEncoding = 4; lastKnownFileType = sourcecode.swift; path = Submarine.swift; sourceTree = "<group>"; };
		5B28D97E1D077C8F0016E982 /* Fish.swift */ = {isa = PBXFileReference; fileEncoding = 4; lastKnownFileType = sourcecode.swift; path = Fish.swift; sourceTree = "<group>"; };
		5B28D9811D077E180016E982 /* GiantSalmon.swift */ = {isa = PBXFileReference; fileEncoding = 4; lastKnownFileType = sourcecode.swift; path = GiantSalmon.swift; sourceTree = "<group>"; };
		5B28D9831D077E970016E982 /* GiantTuna.swift */ = {isa = PBXFileReference; fileEncoding = 4; lastKnownFileType = sourcecode.swift; path = GiantTuna.swift; sourceTree = "<group>"; };
		AF8AC9371A7803E400934412 /* Ocean-Swift.app */ = {isa = PBXFileReference; explicitFileType = wrapper.application; includeInIndex = 0; path = "Ocean-Swift.app"; sourceTree = BUILT_PRODUCTS_DIR; };
		AF8AC93B1A7803E400934412 /* Info.plist */ = {isa = PBXFileReference; lastKnownFileType = text.plist.xml; path = Info.plist; sourceTree = "<group>"; };
		AF8AC93C1A7803E400934412 /* AppDelegate.swift */ = {isa = PBXFileReference; lastKnownFileType = sourcecode.swift; path = AppDelegate.swift; sourceTree = "<group>"; };
		AF8AC93E1A7803E400934412 /* ViewController.swift */ = {isa = PBXFileReference; lastKnownFileType = sourcecode.swift; path = ViewController.swift; sourceTree = "<group>"; };
		AF8AC9411A7803E400934412 /* Base */ = {isa = PBXFileReference; lastKnownFileType = file.storyboard; name = Base; path = Base.lproj/Main.storyboard; sourceTree = "<group>"; };
		AF8AC9431A7803E400934412 /* Images.xcassets */ = {isa = PBXFileReference; lastKnownFileType = folder.assetcatalog; path = Images.xcassets; sourceTree = "<group>"; };
		AF8AC9461A7803E400934412 /* Base */ = {isa = PBXFileReference; lastKnownFileType = file.xib; name = Base; path = Base.lproj/LaunchScreen.xib; sourceTree = "<group>"; };
		AF8AC94C1A7803E400934412 /* Ocean-SwiftTests.xctest */ = {isa = PBXFileReference; explicitFileType = wrapper.cfbundle; includeInIndex = 0; path = "Ocean-SwiftTests.xctest"; sourceTree = BUILT_PRODUCTS_DIR; };
		AF8AC9511A7803E400934412 /* Info.plist */ = {isa = PBXFileReference; lastKnownFileType = text.plist.xml; path = Info.plist; sourceTree = "<group>"; };
		AF8AC9521A7803E400934412 /* Ocean_SwiftTests.swift */ = {isa = PBXFileReference; lastKnownFileType = sourcecode.swift; path = Ocean_SwiftTests.swift; sourceTree = "<group>"; };
		AF8AC95C1A78040400934412 /* Ocean.swift */ = {isa = PBXFileReference; fileEncoding = 4; lastKnownFileType = sourcecode.swift; path = Ocean.swift; sourceTree = "<group>"; };
		AF8AC9641A7845EA00934412 /* Ocean_SwiftTests_02.swift */ = {isa = PBXFileReference; fileEncoding = 4; lastKnownFileType = sourcecode.swift; path = Ocean_SwiftTests_02.swift; sourceTree = "<group>"; };
		AF8AC96B1A784A4300934412 /* Ocean_SwiftTests_03.swift */ = {isa = PBXFileReference; fileEncoding = 4; lastKnownFileType = sourcecode.swift; path = Ocean_SwiftTests_03.swift; sourceTree = "<group>"; };
		AF8AC96D1A784A5100934412 /* Ocean_SwiftTests_04.swift */ = {isa = PBXFileReference; fileEncoding = 4; lastKnownFileType = sourcecode.swift; path = Ocean_SwiftTests_04.swift; sourceTree = "<group>"; };
		AF8AC96F1A784A6100934412 /* Ocean_SwiftTests_05.swift */ = {isa = PBXFileReference; fileEncoding = 4; lastKnownFileType = sourcecode.swift; path = Ocean_SwiftTests_05.swift; sourceTree = "<group>"; };
		AF8AC9711A784A6D00934412 /* Ocean_SwiftTests_06.swift */ = {isa = PBXFileReference; fileEncoding = 4; lastKnownFileType = sourcecode.swift; path = Ocean_SwiftTests_06.swift; sourceTree = "<group>"; };
		AF8AC9861A79ED1A00934412 /* README.md */ = {isa = PBXFileReference; fileEncoding = 4; lastKnownFileType = net.daringfireball.markdown; name = README.md; path = "Ocean-SwiftTests/README.md"; sourceTree = SOURCE_ROOT; };
/* End PBXFileReference section */

/* Begin PBXFrameworksBuildPhase section */
		AF8AC9341A7803E400934412 /* Frameworks */ = {
			isa = PBXFrameworksBuildPhase;
			buildActionMask = 2147483647;
			files = (
			);
			runOnlyForDeploymentPostprocessing = 0;
		};
		AF8AC9491A7803E400934412 /* Frameworks */ = {
			isa = PBXFrameworksBuildPhase;
			buildActionMask = 2147483647;
			files = (
			);
			runOnlyForDeploymentPostprocessing = 0;
		};
/* End PBXFrameworksBuildPhase section */

/* Begin PBXGroup section */
		AF8AC92E1A7803E400934412 = {
			isa = PBXGroup;
			children = (
				AF8AC9861A79ED1A00934412 /* README.md */,
				AF8AC9391A7803E400934412 /* Ocean-Swift */,
				AF8AC94F1A7803E400934412 /* Ocean-SwiftTests */,
				AF8AC9381A7803E400934412 /* Products */,
			);
			sourceTree = "<group>";
		};
		AF8AC9381A7803E400934412 /* Products */ = {
			isa = PBXGroup;
			children = (
				AF8AC9371A7803E400934412 /* Ocean-Swift.app */,
				AF8AC94C1A7803E400934412 /* Ocean-SwiftTests.xctest */,
			);
			name = Products;
			sourceTree = "<group>";
		};
		AF8AC9391A7803E400934412 /* Ocean-Swift */ = {
			isa = PBXGroup;
			children = (
				AF8AC95C1A78040400934412 /* Ocean.swift */,
				5B28D97B1D07665C0016E982 /* Submarine.swift */,
				5B28D97E1D077C8F0016E982 /* Fish.swift */,
				5B28D9811D077E180016E982 /* GiantSalmon.swift */,
				5B28D9831D077E970016E982 /* GiantTuna.swift */,
				AF8AC95E1A78040B00934412 /* Not Needed */,
				AF8AC93A1A7803E400934412 /* Supporting Files */,
			);
			path = "Ocean-Swift";
			sourceTree = "<group>";
		};
		AF8AC93A1A7803E400934412 /* Supporting Files */ = {
			isa = PBXGroup;
			children = (
				AF8AC93B1A7803E400934412 /* Info.plist */,
			);
			name = "Supporting Files";
			sourceTree = "<group>";
		};
		AF8AC94F1A7803E400934412 /* Ocean-SwiftTests */ = {
			isa = PBXGroup;
			children = (
				AF8AC9521A7803E400934412 /* Ocean_SwiftTests.swift */,
				AF8AC9641A7845EA00934412 /* Ocean_SwiftTests_02.swift */,
				AF8AC96B1A784A4300934412 /* Ocean_SwiftTests_03.swift */,
				AF8AC96D1A784A5100934412 /* Ocean_SwiftTests_04.swift */,
				AF8AC96F1A784A6100934412 /* Ocean_SwiftTests_05.swift */,
				AF8AC9711A784A6D00934412 /* Ocean_SwiftTests_06.swift */,
				AF8AC9501A7803E400934412 /* Supporting Files */,
			);
			path = "Ocean-SwiftTests";
			sourceTree = "<group>";
		};
		AF8AC9501A7803E400934412 /* Supporting Files */ = {
			isa = PBXGroup;
			children = (
				AF8AC9511A7803E400934412 /* Info.plist */,
			);
			name = "Supporting Files";
			sourceTree = "<group>";
		};
		AF8AC95E1A78040B00934412 /* Not Needed */ = {
			isa = PBXGroup;
			children = (
				AF8AC93C1A7803E400934412 /* AppDelegate.swift */,
				AF8AC93E1A7803E400934412 /* ViewController.swift */,
				AF8AC9401A7803E400934412 /* Main.storyboard */,
				AF8AC9431A7803E400934412 /* Images.xcassets */,
				AF8AC9451A7803E400934412 /* LaunchScreen.xib */,
			);
			name = "Not Needed";
			sourceTree = "<group>";
		};
/* End PBXGroup section */

/* Begin PBXNativeTarget section */
		AF8AC9361A7803E400934412 /* Ocean-Swift */ = {
			isa = PBXNativeTarget;
			buildConfigurationList = AF8AC9561A7803E400934412 /* Build configuration list for PBXNativeTarget "Ocean-Swift" */;
			buildPhases = (
				AF8AC9331A7803E400934412 /* Sources */,
				AF8AC9341A7803E400934412 /* Frameworks */,
				AF8AC9351A7803E400934412 /* Resources */,
			);
			buildRules = (
			);
			dependencies = (
			);
			name = "Ocean-Swift";
			productName = "Ocean-Swift";
			productReference = AF8AC9371A7803E400934412 /* Ocean-Swift.app */;
			productType = "com.apple.product-type.application";
		};
		AF8AC94B1A7803E400934412 /* Ocean-SwiftTests */ = {
			isa = PBXNativeTarget;
			buildConfigurationList = AF8AC9591A7803E400934412 /* Build configuration list for PBXNativeTarget "Ocean-SwiftTests" */;
			buildPhases = (
				AF8AC9481A7803E400934412 /* Sources */,
				AF8AC9491A7803E400934412 /* Frameworks */,
				AF8AC94A1A7803E400934412 /* Resources */,
			);
			buildRules = (
			);
			dependencies = (
				AF8AC94E1A7803E400934412 /* PBXTargetDependency */,
			);
			name = "Ocean-SwiftTests";
			productName = "Ocean-SwiftTests";
			productReference = AF8AC94C1A7803E400934412 /* Ocean-SwiftTests.xctest */;
			productType = "com.apple.product-type.bundle.unit-test";
		};
/* End PBXNativeTarget section */

/* Begin PBXProject section */
		AF8AC92F1A7803E400934412 /* Project object */ = {
			isa = PBXProject;
			attributes = {
				LastSwiftMigration = 0720;
				LastSwiftUpdateCheck = 0720;
				LastUpgradeCheck = 0730;
				ORGANIZATIONNAME = "com.lighthouse-labs";
				TargetAttributes = {
					AF8AC9361A7803E400934412 = {
						CreatedOnToolsVersion = 6.1.1;
					};
					AF8AC94B1A7803E400934412 = {
						CreatedOnToolsVersion = 6.1.1;
						TestTargetID = AF8AC9361A7803E400934412;
					};
				};
			};
			buildConfigurationList = AF8AC9321A7803E400934412 /* Build configuration list for PBXProject "Ocean-Swift" */;
			compatibilityVersion = "Xcode 3.2";
			developmentRegion = English;
			hasScannedForEncodings = 0;
			knownRegions = (
				en,
				Base,
			);
			mainGroup = AF8AC92E1A7803E400934412;
			productRefGroup = AF8AC9381A7803E400934412 /* Products */;
			projectDirPath = "";
			projectRoot = "";
			targets = (
				AF8AC9361A7803E400934412 /* Ocean-Swift */,
				AF8AC94B1A7803E400934412 /* Ocean-SwiftTests */,
			);
		};
/* End PBXProject section */

/* Begin PBXResourcesBuildPhase section */
		AF8AC9351A7803E400934412 /* Resources */ = {
			isa = PBXResourcesBuildPhase;
			buildActionMask = 2147483647;
			files = (
				AF8AC9421A7803E400934412 /* Main.storyboard in Resources */,
				AF8AC9471A7803E400934412 /* LaunchScreen.xib in Resources */,
				AF8AC9441A7803E400934412 /* Images.xcassets in Resources */,
			);
			runOnlyForDeploymentPostprocessing = 0;
		};
		AF8AC94A1A7803E400934412 /* Resources */ = {
			isa = PBXResourcesBuildPhase;
			buildActionMask = 2147483647;
			files = (
			);
			runOnlyForDeploymentPostprocessing = 0;
		};
/* End PBXResourcesBuildPhase section */

/* Begin PBXSourcesBuildPhase section */
		AF8AC9331A7803E400934412 /* Sources */ = {
			isa = PBXSourcesBuildPhase;
			buildActionMask = 2147483647;
			files = (
				5B28D97F1D077C8F0016E982 /* Fish.swift in Sources */,
				5B28D97C1D07665C0016E982 /* Submarine.swift in Sources */,
				AF8AC93F1A7803E400934412 /* ViewController.swift in Sources */,
				5B28D9841D077E970016E982 /* GiantTuna.swift in Sources */,
				AF8AC95D1A78040400934412 /* Ocean.swift in Sources */,
				AF8AC93D1A7803E400934412 /* AppDelegate.swift in Sources */,
				5B28D9821D077E180016E982 /* GiantSalmon.swift in Sources */,
			);
			runOnlyForDeploymentPostprocessing = 0;
		};
		AF8AC9481A7803E400934412 /* Sources */ = {
			isa = PBXSourcesBuildPhase;
			buildActionMask = 2147483647;
			files = (
				AF8AC9601A78210D00934412 /* Ocean.swift in Sources */,
				5B28D97D1D0771850016E982 /* Submarine.swift in Sources */,
				AF8AC9721A784A6D00934412 /* Ocean_SwiftTests_06.swift in Sources */,
				AF8AC96E1A784A5100934412 /* Ocean_SwiftTests_04.swift in Sources */,
				AF8AC96C1A784A4300934412 /* Ocean_SwiftTests_03.swift in Sources */,
				5B28D9861D077EC10016E982 /* GiantTuna.swift in Sources */,
				5B28D9851D077EB90016E982 /* GiantSalmon.swift in Sources */,
				5B28D9801D077D9E0016E982 /* Fish.swift in Sources */,
				AF8AC9871A79ED1A00934412 /* README.md in Sources */,
				AF8AC9651A7845EA00934412 /* Ocean_SwiftTests_02.swift in Sources */,
				AF8AC9701A784A6100934412 /* Ocean_SwiftTests_05.swift in Sources */,
				AF8AC9531A7803E400934412 /* Ocean_SwiftTests.swift in Sources */,
			);
			runOnlyForDeploymentPostprocessing = 0;
		};
/* End PBXSourcesBuildPhase section */

/* Begin PBXTargetDependency section */
		AF8AC94E1A7803E400934412 /* PBXTargetDependency */ = {
			isa = PBXTargetDependency;
			target = AF8AC9361A7803E400934412 /* Ocean-Swift */;
			targetProxy = AF8AC94D1A7803E400934412 /* PBXContainerItemProxy */;
		};
/* End PBXTargetDependency section */

/* Begin PBXVariantGroup section */
		AF8AC9401A7803E400934412 /* Main.storyboard */ = {
			isa = PBXVariantGroup;
			children = (
				AF8AC9411A7803E400934412 /* Base */,
			);
			name = Main.storyboard;
			sourceTree = "<group>";
		};
		AF8AC9451A7803E400934412 /* LaunchScreen.xib */ = {
			isa = PBXVariantGroup;
			children = (
				AF8AC9461A7803E400934412 /* Base */,
			);
			name = LaunchScreen.xib;
			sourceTree = "<group>";
		};
/* End PBXVariantGroup section */

/* Begin XCBuildConfiguration section */
		AF8AC9541A7803E400934412 /* Debug */ = {
			isa = XCBuildConfiguration;
			buildSettings = {
				ALWAYS_SEARCH_USER_PATHS = NO;
				CLANG_CXX_LANGUAGE_STANDARD = "gnu++0x";
				CLANG_CXX_LIBRARY = "libc++";
				CLANG_ENABLE_MODULES = YES;
				CLANG_ENABLE_OBJC_ARC = YES;
				CLANG_WARN_BOOL_CONVERSION = YES;
				CLANG_WARN_CONSTANT_CONVERSION = YES;
				CLANG_WARN_DIRECT_OBJC_ISA_USAGE = YES_ERROR;
				CLANG_WARN_EMPTY_BODY = YES;
				CLANG_WARN_ENUM_CONVERSION = YES;
				CLANG_WARN_INT_CONVERSION = YES;
				CLANG_WARN_OBJC_ROOT_CLASS = YES_ERROR;
				CLANG_WARN_UNREACHABLE_CODE = YES;
				CLANG_WARN__DUPLICATE_METHOD_MATCH = YES;
				"CODE_SIGN_IDENTITY[sdk=iphoneos*]" = "iPhone Developer";
				COPY_PHASE_STRIP = NO;
				ENABLE_STRICT_OBJC_MSGSEND = YES;
				ENABLE_TESTABILITY = YES;
				GCC_C_LANGUAGE_STANDARD = gnu99;
				GCC_DYNAMIC_NO_PIC = NO;
				GCC_OPTIMIZATION_LEVEL = 0;
				GCC_PREPROCESSOR_DEFINITIONS = (
					"DEBUG=1",
					"$(inherited)",
				);
				GCC_SYMBOLS_PRIVATE_EXTERN = NO;
				GCC_WARN_64_TO_32_BIT_CONVERSION = YES;
				GCC_WARN_ABOUT_RETURN_TYPE = YES_ERROR;
				GCC_WARN_UNDECLARED_SELECTOR = YES;
				GCC_WARN_UNINITIALIZED_AUTOS = YES_AGGRESSIVE;
				GCC_WARN_UNUSED_FUNCTION = YES;
				GCC_WARN_UNUSED_VARIABLE = YES;
				IPHONEOS_DEPLOYMENT_TARGET = 8.1;
				MTL_ENABLE_DEBUG_INFO = YES;
				ONLY_ACTIVE_ARCH = YES;
				SDKROOT = iphoneos;
				SWIFT_OPTIMIZATION_LEVEL = "-Onone";
			};
			name = Debug;
		};
		AF8AC9551A7803E400934412 /* Release */ = {
			isa = XCBuildConfiguration;
			buildSettings = {
				ALWAYS_SEARCH_USER_PATHS = NO;
				CLANG_CXX_LANGUAGE_STANDARD = "gnu++0x";
				CLANG_CXX_LIBRARY = "libc++";
				CLANG_ENABLE_MODULES = YES;
				CLANG_ENABLE_OBJC_ARC = YES;
				CLANG_WARN_BOOL_CONVERSION = YES;
				CLANG_WARN_CONSTANT_CONVERSION = YES;
				CLANG_WARN_DIRECT_OBJC_ISA_USAGE = YES_ERROR;
				CLANG_WARN_EMPTY_BODY = YES;
				CLANG_WARN_ENUM_CONVERSION = YES;
				CLANG_WARN_INT_CONVERSION = YES;
				CLANG_WARN_OBJC_ROOT_CLASS = YES_ERROR;
				CLANG_WARN_UNREACHABLE_CODE = YES;
				CLANG_WARN__DUPLICATE_METHOD_MATCH = YES;
				"CODE_SIGN_IDENTITY[sdk=iphoneos*]" = "iPhone Developer";
				COPY_PHASE_STRIP = YES;
				ENABLE_NS_ASSERTIONS = NO;
				ENABLE_STRICT_OBJC_MSGSEND = YES;
				GCC_C_LANGUAGE_STANDARD = gnu99;
				GCC_WARN_64_TO_32_BIT_CONVERSION = YES;
				GCC_WARN_ABOUT_RETURN_TYPE = YES_ERROR;
				GCC_WARN_UNDECLARED_SELECTOR = YES;
				GCC_WARN_UNINITIALIZED_AUTOS = YES_AGGRESSIVE;
				GCC_WARN_UNUSED_FUNCTION = YES;
				GCC_WARN_UNUSED_VARIABLE = YES;
				IPHONEOS_DEPLOYMENT_TARGET = 8.1;
				MTL_ENABLE_DEBUG_INFO = NO;
				SDKROOT = iphoneos;
				VALIDATE_PRODUCT = YES;
			};
			name = Release;
		};
		AF8AC9571A7803E400934412 /* Debug */ = {
			isa = XCBuildConfiguration;
			buildSettings = {
				ASSETCATALOG_COMPILER_APPICON_NAME = AppIcon;
				INFOPLIST_FILE = "Ocean-Swift/Info.plist";
				LD_RUNPATH_SEARCH_PATHS = "$(inherited) @executable_path/Frameworks";
				PRODUCT_BUNDLE_IDENTIFIER = "lighthouse-labs.$(PRODUCT_NAME:rfc1034identifier)";
				PRODUCT_NAME = "$(TARGET_NAME)";
			};
			name = Debug;
		};
		AF8AC9581A7803E400934412 /* Release */ = {
			isa = XCBuildConfiguration;
			buildSettings = {
				ASSETCATALOG_COMPILER_APPICON_NAME = AppIcon;
				INFOPLIST_FILE = "Ocean-Swift/Info.plist";
				LD_RUNPATH_SEARCH_PATHS = "$(inherited) @executable_path/Frameworks";
				PRODUCT_BUNDLE_IDENTIFIER = "lighthouse-labs.$(PRODUCT_NAME:rfc1034identifier)";
				PRODUCT_NAME = "$(TARGET_NAME)";
			};
			name = Release;
		};
		AF8AC95A1A7803E400934412 /* Debug */ = {
			isa = XCBuildConfiguration;
			buildSettings = {
				BUNDLE_LOADER = "$(TEST_HOST)";
				FRAMEWORK_SEARCH_PATHS = (
					"$(SDKROOT)/Developer/Library/Frameworks",
					"$(inherited)",
				);
				GCC_PREPROCESSOR_DEFINITIONS = (
					"DEBUG=1",
					"$(inherited)",
				);
				INFOPLIST_FILE = "Ocean-SwiftTests/Info.plist";
				LD_RUNPATH_SEARCH_PATHS = "$(inherited) @executable_path/Frameworks @loader_path/Frameworks";
				PRODUCT_BUNDLE_IDENTIFIER = "lighthouse-labs.$(PRODUCT_NAME:rfc1034identifier)";
				PRODUCT_NAME = "$(TARGET_NAME)";
				TEST_HOST = "$(BUILT_PRODUCTS_DIR)/Ocean-Swift.app/Ocean-Swift";
			};
			name = Debug;
		};
		AF8AC95B1A7803E400934412 /* Release */ = {
			isa = XCBuildConfiguration;
			buildSettings = {
				BUNDLE_LOADER = "$(TEST_HOST)";
				FRAMEWORK_SEARCH_PATHS = (
					"$(SDKROOT)/Developer/Library/Frameworks",
					"$(inherited)",
				);
				INFOPLIST_FILE = "Ocean-SwiftTests/Info.plist";
				LD_RUNPATH_SEARCH_PATHS = "$(inherited) @executable_path/Frameworks @loader_path/Frameworks";
				PRODUCT_BUNDLE_IDENTIFIER = "lighthouse-labs.$(PRODUCT_NAME:rfc1034identifier)";
				PRODUCT_NAME = "$(TARGET_NAME)";
				TEST_HOST = "$(BUILT_PRODUCTS_DIR)/Ocean-Swift.app/Ocean-Swift";
			};
			name = Release;
		};
/* End XCBuildConfiguration section */

/* Begin XCConfigurationList section */
		AF8AC9321A7803E400934412 /* Build configuration list for PBXProject "Ocean-Swift" */ = {
			isa = XCConfigurationList;
			buildConfigurations = (
				AF8AC9541A7803E400934412 /* Debug */,
				AF8AC9551A7803E400934412 /* Release */,
			);
			defaultConfigurationIsVisible = 0;
			defaultConfigurationName = Release;
		};
		AF8AC9561A7803E400934412 /* Build configuration list for PBXNativeTarget "Ocean-Swift" */ = {
			isa = XCConfigurationList;
			buildConfigurations = (
				AF8AC9571A7803E400934412 /* Debug */,
				AF8AC9581A7803E400934412 /* Release */,
			);
			defaultConfigurationIsVisible = 0;
			defaultConfigurationName = Release;
		};
		AF8AC9591A7803E400934412 /* Build configuration list for PBXNativeTarget "Ocean-SwiftTests" */ = {
			isa = XCConfigurationList;
			buildConfigurations = (
				AF8AC95A1A7803E400934412 /* Debug */,
				AF8AC95B1A7803E400934412 /* Release */,
			);
			defaultConfigurationIsVisible = 0;
			defaultConfigurationName = Release;
		};
/* End XCConfigurationList section */
	};
	rootObject = AF8AC92F1A7803E400934412 /* Project object */;
}
